
Microsoft Visual Studio Solution File, Format Version 11.00
# Visual C# Express 2010
Project("{FAE04EC0-301F-11D3-BF4B-00C04F79EFBC}") = "GHIElectronics.OSH.NETMF.Native", "GHIElectronics.OSH.NETMF.Native\GHIElectronics.OSH.NETMF.Native.csproj", "{A621BF09-C5E1-4E1E-8C05-86538CB48304}"
EndProject
Global
	GlobalSection(SolutionConfigurationPlatforms) = preSolution
		Debug|Any CPU = Debug|Any CPU
		Release|Any CPU = Release|Any CPU
	EndGlobalSection
	GlobalSection(ProjectConfigurationPlatforms) = postSolution
		{A621BF09-C5E1-4E1E-8C05-86538CB48304}.Debug|Any CPU.ActiveCfg = Debug|Any CPU
		{A621BF09-C5E1-4E1E-8C05-86538CB48304}.Debug|Any CPU.Build.0 = Debug|Any CPU
		{A621BF09-C5E1-4E1E-8C05-86538CB48304}.Release|Any CPU.ActiveCfg = Release|Any CPU
		{A621BF09-C5E1-4E1E-8C05-86538CB48304}.Release|Any CPU.Build.0 = Release|Any CPU
	EndGlobalSection
	GlobalSection(SolutionProperties) = preSolution
		HideSolutionNode = FALSE
	EndGlobalSection
EndGlobal
